{
  "name": "size-chart",
  "lockfileVersion": 3,
  "requires": true,
  "packages": {
    "": {
      "name": "size-chart",
      "dependencies": {
        "@videojs/dash-video": "10.0.0-rc.2",
        "@videojs/hlsjs-video": "10.0.0-rc.2",
        "@videojs/html": "10.0.0-rc.2",
        "dash-video-element": "0.3.2",
        "dashjs": "5.2.1",
        "hls-video-element": "1.5.11",
        "hls.js": "1.7.3",
        "media-chrome": "4.19.2",
        "shaka-player": "5.2.10",
        "video.js": "8.24.0",
        "vidstack": "1.15.6"
      }
    },
    "node_modules/@babel/runtime": {
      "version": "7.29.7",
      "resolved": "https://registry.npmjs.org/@babel/runtime/-/runtime-7.29.7.tgz",
      "integrity": "sha512-Nq8OhGWiZIZGV6hLHoyAKLLcJihP/xFeBMGJoUrxTX2psI8dCifzLhZISFb+VWS3wFMRDmCGw5R+dOySCqPLhw==",
      "license": "MIT",
      "engines": {
        "node": ">=6.9.0"
      }
    },
    "node_modules/@floating-ui/core": {
      "version": "1.8.0",
      "resolved": "https://registry.npmjs.org/@floating-ui/core/-/core-1.8.0.tgz",
      "integrity": "sha512-0CIZ5itps/8x7BG8dEIhs53BvCUH2PCoogtakwRTut+Arm58sJooJ0AuZhLw2HJYIR5cMLNPBSS728sPho2khQ==",
      "license": "MIT",
      "dependencies": {
        "@floating-ui/utils": "^0.2.12"
      }
    },
    "node_modules/@floating-ui/dom": {
      "version": "1.8.0",
      "resolved": "https://registry.npmjs.org/@floating-ui/dom/-/dom-1.8.0.tgz",
      "integrity": "sha512-yXSrzeHZBTZadLOlfyhCkJHNeLJnHRnRInwdZ40L7ZiaAtrBwoYlsDrX3v5zB1Utk7CLfzcOVnVVWoXEky7Ceg==",
      "license": "MIT",
      "dependencies": {
        "@floating-ui/core": "^1.8.0",
        "@floating-ui/utils": "^0.2.12"
      }
    },
    "node_modules/@floating-ui/utils": {
      "version": "0.2.12",
      "resolved": "https://registry.npmjs.org/@floating-ui/utils/-/utils-0.2.12.tgz",
      "integrity": "sha512-HpCo8tmWzLVad5s2d19EhAz5zqrrQ6s69qd6moPMQvkOuSwDT1YgRfWSVuc4ennqrgv3OHppiOGMQ7oC13yIww==",
      "license": "MIT"
    },
    "node_modules/@lit-labs/ssr-dom-shim": {
      "version": "1.6.0",
      "resolved": "https://registry.npmjs.org/@lit-labs/ssr-dom-shim/-/ssr-dom-shim-1.6.0.tgz",
      "integrity": "sha512-VHb0ALPMTlgKjM6yIxxoQNnpKyUKLD04VzeQdsiXkMqkvYlAHxq9glGLmgbb889/1GsohSOAjvQYoiBppXFqrQ==",
      "license": "BSD-3-Clause"
    },
    "node_modules/@lit/context": {
      "version": "1.1.6",
      "resolved": "https://registry.npmjs.org/@lit/context/-/context-1.1.6.tgz",
      "integrity": "sha512-M26qDE6UkQbZA2mQ3RjJ3Gzd8TxP+/0obMgE5HfkfLhEEyYE3Bui4A5XHiGPjy0MUGAyxB3QgVuw2ciS0kHn6A==",
      "license": "BSD-3-Clause",
      "dependencies": {
        "@lit/reactive-element": "^1.6.2 || ^2.1.0"
      }
    },
    "node_modules/@lit/reactive-element": {
      "version": "2.1.2",
      "resolved": "https://registry.npmjs.org/@lit/reactive-element/-/reactive-element-2.1.2.tgz",
      "integrity": "sha512-pbCDiVMnne1lYUIaYNN5wrwQXDtHaYtg7YEFPeW+hws6U47WeFvISGUWekPGKWOP1ygrs0ef0o1VJMk1exos5A==",
      "license": "BSD-3-Clause",
      "dependencies": {
        "@lit-labs/ssr-dom-shim": "^1.5.0"
      }
    },
    "node_modules/@svta/cml-608": {
      "version": "1.0.2",
      "resolved": "https://registry.npmjs.org/@svta/cml-608/-/cml-608-1.0.2.tgz",
      "integrity": "sha512-ZEJ68330gcLKfvVv6Qifr1HR7+GldDUxzkjqSbqRK7jHtHSLSV1JAyDwlYe8+C7ABuY1bp8MpgJ4/Gg+jl+pLQ==",
      "license": "Apache-2.0",
      "engines": {
        "node": ">=20"
      }
    },
    "node_modules/@svta/cml-cmcd": {
      "version": "2.3.2",
      "resolved": "https://registry.npmjs.org/@svta/cml-cmcd/-/cml-cmcd-2.3.2.tgz",
      "integrity": "sha512-SKBBjLmci0WK8HMjuv+36tVIMktonoOoxsXblOFZmB+ePPV2zjRMTD+2ZmE/1VEPJkKHENyhSjSHgJyeOlvZ1A==",
      "license": "Apache-2.0",
      "engines": {
        "node": ">=20"
      },
      "peerDependencies": {
        "@svta/cml-structured-field-values": "1.1.3",
        "@svta/cml-utils": "1.5.0"
      }
    },
    "node_modules/@svta/cml-cmsd": {
      "version": "1.0.6",
      "resolved": "https://registry.npmjs.org/@svta/cml-cmsd/-/cml-cmsd-1.0.6.tgz",
      "integrity": "sha512-LUORV6bb0TbU4rSC2HoPqUCix1igLrXkRQXWiIyJo2OMzb14kAK/1jsW0mzY6up6w1GrjKQcjc6OwqJdo/zd/g==",
      "license": "Apache-2.0",
      "engines": {
        "node": ">=20"
      },
      "peerDependencies": {
        "@svta/cml-cta": "1.0.6",
        "@svta/cml-structured-field-values": "1.1.3",
        "@svta/cml-utils": "1.5.0"
      }
    },
    "node_modules/@svta/cml-cta": {
      "version": "1.0.6",
      "resolved": "https://registry.npmjs.org/@svta/cml-cta/-/cml-cta-1.0.6.tgz",
      "integrity": "sha512-l13/4myTX1EbRd38nY8J1umVY5UdR/nZO6CeKqVLXnMMIayg7/fu0TueZckjTA9Loal55MGK1xbHnXVjz7OUUw==",
      "license": "Apache-2.0",
      "peer": true,
      "engines": {
        "node": ">=20"
      },
      "peerDependencies": {
        "@svta/cml-structured-field-values": "1.1.3",
        "@svta/cml-utils": "1.5.0"
      }
    },
    "node_modules/@svta/cml-dash": {
      "version": "1.0.6",
      "resolved": "https://registry.npmjs.org/@svta/cml-dash/-/cml-dash-1.0.6.tgz",
      "integrity": "sha512-4XtHYlPrzL/dRe/8XmRQoLnTo9S86tISgrl67eUqKl5MtNTpZBYTncuPrspslPZPZROBBWNrBuepYfYUtU9CKA==",
      "license": "Apache-2.0",
      "engines": {
        "node": ">=20"
      },
      "peerDependencies": {
        "@svta/cml-utils": "1.5.0"
      }
    },
    "node_modules/@svta/cml-id3": {
      "version": "1.0.6",
      "resolved": "https://registry.npmjs.org/@svta/cml-id3/-/cml-id3-1.0.6.tgz",
      "integrity": "sha512-63j8gkAnPOmOBWlp0hIZPvsIioZttdbg6/TgwITqMYbSLYVJ+6QGa/UtIP0I84NsfstANw6QdCn7i8SS08kn1A==",
      "license": "Apache-2.0",
      "engines": {
        "node": ">=20"
      },
      "peerDependencies": {
        "@svta/cml-utils": "1.5.0"
      }
    },
    "node_modules/@svta/cml-request": {
      "version": "1.0.12",
      "resolved": "https://registry.npmjs.org/@svta/cml-request/-/cml-request-1.0.12.tgz",
      "integrity": "sha512-4sJvnnoNpq58j2mCGP8k+MF6wVy/qa4gbt6kfT1dPIKmn3mPxw+JVfilhcWsUi+peK2yCZxOJJYyHj1cAcQE1w==",
      "license": "Apache-2.0",
      "engines": {
        "node": ">=20"
      },
      "peerDependencies": {
        "@svta/cml-cmcd": "2.3.2",
        "@svta/cml-utils": "1.5.0",
        "@svta/cml-xml": "1.1.4"
      }
    },
    "node_modules/@svta/cml-structured-field-values": {
      "version": "1.1.3",
      "resolved": "https://registry.npmjs.org/@svta/cml-structured-field-values/-/cml-structured-field-values-1.1.3.tgz",
      "integrity": "sha512-XqLzQOTznz6kh/nsSh8dy1kV7GQjL4csG+2U5EvLGhAqNuNUczbVg5EAsDobKDVg8xhdthdXx2UuwM+ZHQCxSg==",
      "license": "Apache-2.0",
      "peer": true,
      "engines": {
        "node": ">=20"
      },
      "peerDependencies": {
        "@svta/cml-utils": "1.5.0"
      }
    },
    "node_modules/@svta/cml-utils": {
      "version": "1.5.0",
      "resolved": "https://registry.npmjs.org/@svta/cml-utils/-/cml-utils-1.5.0.tgz",
      "integrity": "sha512-JMqclD7Akd+GSJiuaYNUHOP2wNtf/nauKeszlYeivSHfi0Lp3pmSW5PXDvJ2dO4aPmmSOQbF0ztTsW9Vcs2Whw==",
      "license": "Apache-2.0",
      "peer": true,
      "engines": {
        "node": ">=20"
      }
    },
    "node_modules/@svta/cml-xml": {
      "version": "1.1.4",
      "resolved": "https://registry.npmjs.org/@svta/cml-xml/-/cml-xml-1.1.4.tgz",
      "integrity": "sha512-jbixqjiJIc16SGxylHwiOzO+DuhkGfuP+fJ9AHeVJKdFDKnabgfCDpnp6dvZpZnjMj4nHvzVtuUV7RISPIwYXw==",
      "license": "Apache-2.0",
      "engines": {
        "node": ">=20"
      },
      "peerDependencies": {
        "@svta/cml-utils": "1.5.0"
      }
    },
    "node_modules/@types/trusted-types": {
      "version": "2.0.7",
      "resolved": "https://registry.npmjs.org/@types/trusted-types/-/trusted-types-2.0.7.tgz",
      "integrity": "sha512-ScaPdn1dQczgbl0QFTeTOmVHFULt394XJgOQNoyVhZ6r2vLnMLJfBPd53SB52T/3G36VI1/g2MZaX0cwDuXsfw==",
      "license": "MIT"
    },
    "node_modules/@videojs/core": {
      "version": "10.0.0-rc.2",
      "resolved": "https://registry.npmjs.org/@videojs/core/-/core-10.0.0-rc.2.tgz",
      "integrity": "sha512-yr6DA5CXFIrQ22xM5k0fEEoX64znex0NvMO5mcagkg8s5BaD0zOGuhCOGI0IHs+LFx29HZWZeY9Cf3BHpL5m6A==",
      "license": "Apache-2.0",
      "dependencies": {
        "@videojs/media": "10.0.0-rc.2",
        "@videojs/store": "10.0.0-rc.2",
        "@videojs/utils": "10.0.0-rc.2"
      }
    },
    "node_modules/@videojs/dash-video": {
      "version": "10.0.0-rc.2",
      "resolved": "https://registry.npmjs.org/@videojs/dash-video/-/dash-video-10.0.0-rc.2.tgz",
      "integrity": "sha512-aCXj2SYbwcD8EhNo7Y3RgrJSyqVkjK2kRGANRx47HFfdwBjuldBwkAxKlQiR5Xl7cQ1PAPgCShIJ5mRhie40hg==",
      "license": "Apache-2.0",
      "dependencies": {
        "@videojs/media": "10.0.0-rc.2",
        "@videojs/utils": "10.0.0-rc.2",
        "dashjs": "5.2.0"
      }
    },
    "node_modules/@videojs/dash-video/node_modules/dashjs": {
      "version": "5.2.0",
      "resolved": "https://registry.npmjs.org/dashjs/-/dashjs-5.2.0.tgz",
      "integrity": "sha512-2W2KHFN53Sk7+rtdnIfSUK/3Oov+hraMTeVZwDOTSCNKM1cQtFiJdblNzRMnl59a/QDseG7JW+PC9mh/B+CMcg==",
      "license": "BSD-3-Clause",
      "dependencies": {
        "@svta/cml-608": "1.0.2",
        "@svta/cml-cmcd": "2.3.2",
        "@svta/cml-cmsd": "1.0.6",
        "@svta/cml-dash": "1.0.6",
        "@svta/cml-id3": "1.0.6",
        "@svta/cml-request": "1.0.12",
        "@svta/cml-xml": "1.1.4",
        "bcp-47-match": "^2.0.3",
        "codem-isoboxer": "0.3.10",
        "fast-deep-equal": "3.1.3",
        "html-entities": "^2.6.0",
        "imsc": "^1.1.5",
        "localforage": "^1.10.0",
        "path-browserify": "^1.0.1"
      },
      "engines": {
        "node": ">=20"
      }
    },
    "node_modules/@videojs/element": {
      "version": "10.0.0-rc.2",
      "resolved": "https://registry.npmjs.org/@videojs/element/-/element-10.0.0-rc.2.tgz",
      "integrity": "sha512-uHvwK/Hsx1+NN8m8Sa6zYHH4aiyvnGJM4iZImhDKGHrE9pe3gWbViKHQqxpHWGVXOIgG+SJmcfvM0veqwBU04Q==",
      "license": "Apache-2.0",
      "dependencies": {
        "@lit/context": "^1.1.0"
      }
    },
    "node_modules/@videojs/hlsjs-video": {
      "version": "10.0.0-rc.2",
      "resolved": "https://registry.npmjs.org/@videojs/hlsjs-video/-/hlsjs-video-10.0.0-rc.2.tgz",
      "integrity": "sha512-JK5HhvTYASrhrSh7ye+ZFT+vyVAMOQt74M5eMBEZl3S04KdPWa31cGclCuDMbrWxkVlehtjB0A1Xc0XqJMiX7A==",
      "license": "Apache-2.0",
      "dependencies": {
        "@videojs/media": "10.0.0-rc.2",
        "@videojs/native-hls-video": "10.0.0-rc.2",
        "@videojs/utils": "10.0.0-rc.2",
        "hls.js": "1.6.7"
      }
    },
    "node_modules/@videojs/hlsjs-video/node_modules/hls.js": {
      "version": "1.6.7",
      "resolved": "https://registry.npmjs.org/hls.js/-/hls.js-1.6.7.tgz",
      "integrity": "sha512-QW2fnwDGKGc9DwQUGLbmMOz8G48UZK7PVNJPcOUql1b8jubKx4/eMHNP5mGqr6tYlJNDG1g10Lx2U/qPzL6zwQ==",
      "license": "Apache-2.0"
    },
    "node_modules/@videojs/html": {
      "version": "10.0.0-rc.2",
      "resolved": "https://registry.npmjs.org/@videojs/html/-/html-10.0.0-rc.2.tgz",
      "integrity": "sha512-ZVKg4OClXgSEKaCWzBgb5hOPMVAwj1/oqnlowmsCULmj1ePCcyQm27QkZMWUaXRqc/LbLYzIrwtIN3OMWy5oNw==",
      "license": "Apache-2.0",
      "dependencies": {
        "@videojs/core": "10.0.0-rc.2",
        "@videojs/element": "10.0.0-rc.2",
        "@videojs/media": "10.0.0-rc.2",
        "@videojs/native-hls-video": "10.0.0-rc.2",
        "@videojs/spf": "10.0.0-rc.2",
        "@videojs/store": "10.0.0-rc.2",
        "@videojs/utils": "10.0.0-rc.2"
      },
      "peerDependencies": {
        "@videojs/cloudflare-video": "10.0.0-rc.2",
        "@videojs/dash-video": "10.0.0-rc.2",
        "@videojs/google-cast": "10.0.0-rc.2",
        "@videojs/hlsjs-video": "10.0.0-rc.2",
        "@videojs/mux-audio": "10.0.0-rc.2",
        "@videojs/mux-data": "10.0.0-rc.2",
        "@videojs/mux-video": "10.0.0-rc.2",
        "@videojs/shaka-video": "10.0.0-rc.2",
        "@videojs/spotify-audio": "10.0.0-rc.2",
        "@videojs/tiktok-video": "10.0.0-rc.2",
        "@videojs/twitch-video": "10.0.0-rc.2",
        "@videojs/vimeo-video": "10.0.0-rc.2",
        "@videojs/wistia-video": "10.0.0-rc.2",
        "@videojs/youtube-video": "10.0.0-rc.2"
      },
      "peerDependenciesMeta": {
        "@videojs/cloudflare-video": {
          "optional": true
        },
        "@videojs/dash-video": {
          "optional": true
        },
        "@videojs/google-cast": {
          "optional": true
        },
        "@videojs/hlsjs-video": {
          "optional": true
        },
        "@videojs/mux-audio": {
          "optional": true
        },
        "@videojs/mux-data": {
          "optional": true
        },
        "@videojs/mux-video": {
          "optional": true
        },
        "@videojs/shaka-video": {
          "optional": true
        },
        "@videojs/spotify-audio": {
          "optional": true
        },
        "@videojs/tiktok-video": {
          "optional": true
        },
        "@videojs/twitch-video": {
          "optional": true
        },
        "@videojs/vimeo-video": {
          "optional": true
        },
        "@videojs/wistia-video": {
          "optional": true
        },
        "@videojs/youtube-video": {
          "optional": true
        }
      }
    },
    "node_modules/@videojs/http-streaming": {
      "version": "3.17.5",
      "resolved": "https://registry.npmjs.org/@videojs/http-streaming/-/http-streaming-3.17.5.tgz",
      "integrity": "sha512-PRRQVu0hYW5h0XvRWpIyIpEatpMZzZtf7L1avV89Hnu+69f+0c7oLsSL9jwpg2nbvzGkdX5rQxQkz5Vc7tFR9w==",
      "license": "Apache-2.0",
      "dependencies": {
        "@babel/runtime": "^7.12.5",
        "@videojs/vhs-utils": "^4.1.2",
        "aes-decrypter": "^4.0.2",
        "global": "^4.4.0",
        "m3u8-parser": "^7.2.0",
        "mpd-parser": "^1.4.0",
        "mux.js": "7.1.0",
        "video.js": "^7 || ^8"
      },
      "engines": {
        "node": ">=8",
        "npm": ">=5"
      },
      "peerDependencies": {
        "video.js": "^8.19.0"
      }
    },
    "node_modules/@videojs/media": {
      "version": "10.0.0-rc.2",
      "resolved": "https://registry.npmjs.org/@videojs/media/-/media-10.0.0-rc.2.tgz",
      "integrity": "sha512-hMZwCZQCtiPu7a1e2ZY/0ZXTqwPhy2T2VhqB+xQs7OgYx5LaCsVyjfSf7YNvIM8Fe4tTm7t/OJkehTAUrX7uSQ==",
      "license": "Apache-2.0",
      "dependencies": {
        "@videojs/utils": "10.0.0-rc.2"
      }
    },
    "node_modules/@videojs/native-hls-video": {
      "version": "10.0.0-rc.2",
      "resolved": "https://registry.npmjs.org/@videojs/native-hls-video/-/native-hls-video-10.0.0-rc.2.tgz",
      "integrity": "sha512-euVa3CGPdAHa5xPxsEM6L3dz4aD9HzK3AsO+ede4x9bExJlEmWWQVLJQ+CpAQdbotoPMeVTiXI4/4Y3X2HuZag==",
      "license": "Apache-2.0",
      "dependencies": {
        "@videojs/media": "10.0.0-rc.2",
        "@videojs/utils": "10.0.0-rc.2"
      }
    },
    "node_modules/@videojs/spf": {
      "version": "10.0.0-rc.2",
      "resolved": "https://registry.npmjs.org/@videojs/spf/-/spf-10.0.0-rc.2.tgz",
      "integrity": "sha512-CLi/67WE7uluWYc27MxUIiYMYfAQS3erZUzLcQcn0ycuxlOo0+buNl2TgVaitZD99RS1vx0shB1eL5YoAeFTPg==",
      "license": "Apache-2.0",
      "dependencies": {
        "@videojs/media": "10.0.0-rc.2",
        "@videojs/utils": "10.0.0-rc.2",
        "signal-polyfill": "^0.2.2"
      }
    },
    "node_modules/@videojs/store": {
      "version": "10.0.0-rc.2",
      "resolved": "https://registry.npmjs.org/@videojs/store/-/store-10.0.0-rc.2.tgz",
      "integrity": "sha512-F4Rh8tWFhEODwxdssyk5ucXwEcxga2lR3dSTD0aP2gHPv2/hv5EXavsbICYXyWZnn2dDaHK+4uYJpAJGxv+xZQ==",
      "license": "Apache-2.0",
      "dependencies": {
        "@videojs/utils": "10.0.0-rc.2"
      },
      "peerDependencies": {
        "@videojs/element": "10.0.0-rc.2",
        "react": "^18.0.0 || ^19.0.0"
      },
      "peerDependenciesMeta": {
        "@videojs/element": {
          "optional": true
        },
        "react": {
          "optional": true
        }
      }
    },
    "node_modules/@videojs/utils": {
      "version": "10.0.0-rc.2",
      "resolved": "https://registry.npmjs.org/@videojs/utils/-/utils-10.0.0-rc.2.tgz",
      "integrity": "sha512-4BKDIwxB6HWBp74nKBmP2ubOrPnCicC6CAaJBFRNQOrhFjOOy5wv74DV1ZKmNY4FFwaLxQH710+NEU5S3exGFg==",
      "license": "Apache-2.0"
    },
    "node_modules/@videojs/vhs-utils": {
      "version": "4.1.2",
      "resolved": "https://registry.npmjs.org/@videojs/vhs-utils/-/vhs-utils-4.1.2.tgz",
      "integrity": "sha512-1Dsv5dtWOq0LP1G37O46FQFA2tKAZON5UMe6dFPxT7JvPhEx8QIXcFQxan8+hHI3fX6aomFRFrUBJNgRYQDSXA==",
      "license": "MIT",
      "dependencies": {
        "@babel/runtime": "^7.12.5",
        "global": "^4.4.0"
      },
      "engines": {
        "node": ">=8",
        "npm": ">=5"
      }
    },
    "node_modules/@videojs/xhr": {
      "version": "2.7.0",
      "resolved": "https://registry.npmjs.org/@videojs/xhr/-/xhr-2.7.0.tgz",
      "integrity": "sha512-giab+EVRanChIupZK7gXjHy90y3nncA2phIOyG3Ne5fvpiMJzvqYwiTOnEVW2S4CoYcuKJkomat7bMXA/UoUZQ==",
      "license": "MIT",
      "dependencies": {
        "@babel/runtime": "^7.5.5",
        "global": "~4.4.0",
        "is-function": "^1.0.1"
      }
    },
    "node_modules/@xmldom/xmldom": {
      "version": "0.8.15",
      "resolved": "https://registry.npmjs.org/@xmldom/xmldom/-/xmldom-0.8.15.tgz",
      "integrity": "sha512-/5NV/vDALVFDXgLmfsy9TRCBlKwO2LNBFzpzvb9iIj+jR+eSc6DLYYvVOdivT/jm7MtU6TebYuRmzEOI7w40UA==",
      "license": "MIT",
      "engines": {
        "node": ">=10.0.0"
      }
    },
    "node_modules/acorn": {
      "version": "8.18.0",
      "resolved": "https://registry.npmjs.org/acorn/-/acorn-8.18.0.tgz",
      "integrity": "sha512-lGq+9yr1/GuAWaVYIHRjvvySG5/4VfKIvC8EWxStPdcDh/Ka7FG3twP6v4d5BkravUilhIAsG4Qj83t02LWUPQ==",
      "license": "MIT",
      "bin": {
        "acorn": "bin/acorn"
      },
      "engines": {
        "node": ">=0.4.0"
      }
    },
    "node_modules/aes-decrypter": {
      "version": "4.0.2",
      "resolved": "https://registry.npmjs.org/aes-decrypter/-/aes-decrypter-4.0.2.tgz",
      "integrity": "sha512-lc+/9s6iJvuaRe5qDlMTpCFjnwpkeOXp8qP3oiZ5jsj1MRg+SBVUmmICrhxHvc8OELSmc+fEyyxAuppY6hrWzw==",
      "license": "Apache-2.0",
      "dependencies": {
        "@babel/runtime": "^7.12.5",
        "@videojs/vhs-utils": "^4.1.1",
        "global": "^4.4.0",
        "pkcs7": "^1.0.4"
      }
    },
    "node_modules/bcp-47-match": {
      "version": "2.0.3",
      "resolved": "https://registry.npmjs.org/bcp-47-match/-/bcp-47-match-2.0.3.tgz",
      "integrity": "sha512-JtTezzbAibu8G0R9op9zb3vcWZd9JF6M0xOYGPn0fNCd7wOpRB1mU2mH9T8gaBGbAAyIIVgB2G7xG0GP98zMAQ==",
      "license": "MIT",
      "funding": {
        "type": "github",
        "url": "https://github.com/sponsors/wooorm"
      }
    },
    "node_modules/ce-la-react": {
      "version": "0.3.2",
      "resolved": "https://registry.npmjs.org/ce-la-react/-/ce-la-react-0.3.2.tgz",
      "integrity": "sha512-QJ6k4lOD/btI08xG8jBPxRCGXvCnusGGkTsiXk0u3NqUu/W+BXRnFD4PYjwtqh8AWmGa5LDbGk0fLQsqr0nSMA==",
      "license": "BSD-3-Clause",
      "peerDependencies": {
        "react": ">=17.0.0"
      }
    },
    "node_modules/codem-isoboxer": {
      "version": "0.3.10",
      "resolved": "https://registry.npmjs.org/codem-isoboxer/-/codem-isoboxer-0.3.10.tgz",
      "integrity": "sha512-eNk3TRV+xQMJ1PEj0FQGY8KD4m0GPxT487XJ+Iftm7mVa9WpPFDMWqPt+46buiP5j5Wzqe5oMIhqBcAeKfygSA==",
      "license": "MIT"
    },
    "node_modules/custom-media-element": {
      "version": "1.4.6",
      "resolved": "https://registry.npmjs.org/custom-media-element/-/custom-media-element-1.4.6.tgz",
      "integrity": "sha512-/HRYqJOa1ob5ik4q7FIJVYxTJCFs/FL3+cQPAJjUf2uiqrDEzbTgB315gQ2rG8oK3w094W9m5tcB8S5Qah+caA==",
      "license": "MIT"
    },
    "node_modules/dash-video-element": {
      "version": "0.3.2",
      "resolved": "https://registry.npmjs.org/dash-video-element/-/dash-video-element-0.3.2.tgz",
      "integrity": "sha512-eN1IqgtTAbq4zVkbt82BDwQtybQ6WOXyQU5HbftUSnqo+SHAPbZCif1Y7uViAhgvuEPvZtbiXDiacvvTeGxc/g==",
      "license": "MIT",
      "dependencies": {
        "custom-media-element": "^1.4.6",
        "dashjs": "^5.0.3",
        "media-tracks": "^0.3.5"
      }
    },
    "node_modules/dashjs": {
      "version": "5.2.1",
      "resolved": "https://registry.npmjs.org/dashjs/-/dashjs-5.2.1.tgz",
      "integrity": "sha512-axcJmLeJCTJMLUfQRErUJB1KOiU5iHF+DMLBc3FKeox1HPYtGUQlC6Xm5Mm6vhBUR3CHHLIPOqw0JDIqMtP+Dw==",
      "license": "BSD-3-Clause",
      "dependencies": {
        "@svta/cml-608": "1.0.2",
        "@svta/cml-cmcd": "2.3.2",
        "@svta/cml-cmsd": "1.0.6",
        "@svta/cml-dash": "1.0.6",
        "@svta/cml-id3": "1.0.6",
        "@svta/cml-request": "1.0.12",
        "@svta/cml-xml": "1.1.4",
        "bcp-47-match": "^2.0.3",
        "codem-isoboxer": "0.3.10",
        "fast-deep-equal": "3.1.3",
        "html-entities": "^2.6.0",
        "imsc": "^1.1.5",
        "localforage": "^1.10.0",
        "path-browserify": "^1.0.1"
      },
      "engines": {
        "node": ">=20"
      }
    },
    "node_modules/dom-walk": {
      "version": "0.1.2",
      "resolved": "https://registry.npmjs.org/dom-walk/-/dom-walk-0.1.2.tgz",
      "integrity": "sha512-6QvTW9mrGeIegrFXdtQi9pk7O/nSK6lSdXW2eqUspN5LWD7UTji2Fqw5V2YLjBpHEoU9Xl/eUWNpDeZvoyOv2w=="
    },
    "node_modules/fast-deep-equal": {
      "version": "3.1.3",
      "resolved": "https://registry.npmjs.org/fast-deep-equal/-/fast-deep-equal-3.1.3.tgz",
      "integrity": "sha512-f3qQ9oQy9j2AhBe/H9VC91wLmKBCCU/gDOnKNAYG5hswO7BLKj09Hc5HYNz9cGI++xlpDCIgDaitVs03ATR84Q==",
      "license": "MIT"
    },
    "node_modules/fscreen": {
      "version": "1.2.0",
      "resolved": "https://registry.npmjs.org/fscreen/-/fscreen-1.2.0.tgz",
      "integrity": "sha512-hlq4+BU0hlPmwsFjwGGzZ+OZ9N/wq9Ljg/sq3pX+2CD7hrJsX9tJgWWK/wiNTFM212CLHWhicOoqwXyZGGetJg==",
      "license": "MIT"
    },
    "node_modules/global": {
      "version": "4.4.0",
      "resolved": "https://registry.npmjs.org/global/-/global-4.4.0.tgz",
      "integrity": "sha512-wv/LAoHdRE3BeTGz53FAamhGlPLhlssK45usmGFThIi4XqnBmjKQ16u+RNbP7WvigRZDxUsM0J3gcQ5yicaL0w==",
      "license": "MIT",
      "dependencies": {
        "min-document": "^2.19.0",
        "process": "^0.11.10"
      }
    },
    "node_modules/hls-video-element": {
      "version": "1.5.11",
      "resolved": "https://registry.npmjs.org/hls-video-element/-/hls-video-element-1.5.11.tgz",
      "integrity": "sha512-tJJ65/52CDxj8XFyIve6zT9nVVdUIc6mqvKR25X0ycPKHk07rpjp4xxVteeCefDUBSf/tFLhlICFmn3KWj37xA==",
      "license": "MIT",
      "dependencies": {
        "custom-media-element": "^1.4.6",
        "hls.js": "^1.6.5",
        "media-tracks": "^0.3.5"
      }
    },
    "node_modules/hls.js": {
      "version": "1.7.3",
      "resolved": "https://registry.npmjs.org/hls.js/-/hls.js-1.7.3.tgz",
      "integrity": "sha512-MsPlx6yVW4Qv4C7mEVou4/gk/5cN2dVxOTnrNjPSmyH2f0Ln+/UkG10Ax1PE6OvrmTVPKgQYozTtBaPOuCzq7A==",
      "license": "Apache-2.0"
    },
    "node_modules/html-entities": {
      "version": "2.6.0",
      "resolved": "https://registry.npmjs.org/html-entities/-/html-entities-2.6.0.tgz",
      "integrity": "sha512-kig+rMn/QOVRvr7c86gQ8lWXq+Hkv6CbAH1hLu+RG338StTpE8Z0b44SDVaqVu7HGKf27frdmUYEs9hTUX/cLQ==",
      "funding": [
        {
          "type": "github",
          "url": "https://github.com/sponsors/mdevils"
        },
        {
          "type": "patreon",
          "url": "https://patreon.com/mdevils"
        }
      ],
      "license": "MIT"
    },
    "node_modules/immediate": {
      "version": "3.0.6",
      "resolved": "https://registry.npmjs.org/immediate/-/immediate-3.0.6.tgz",
      "integrity": "sha512-XXOFtyqDjNDAQxVfYxuF7g9Il/IbWmmlQg2MYKOH8ExIT1qg6xc4zyS3HaEEATgs1btfzxq15ciUiY7gjSXRGQ==",
      "license": "MIT"
    },
    "node_modules/imsc": {
      "version": "1.1.5",
      "resolved": "https://registry.npmjs.org/imsc/-/imsc-1.1.5.tgz",
      "integrity": "sha512-V8je+CGkcvGhgl2C1GlhqFFiUOIEdwXbXLiu1Fcubvvbo+g9inauqT3l0pNYXGoLPBj3jxtZz9t+wCopMkwadQ==",
      "license": "BSD-2-Clause",
      "dependencies": {
        "sax": "1.2.1"
      }
    },
    "node_modules/is-function": {
      "version": "1.0.2",
      "resolved": "https://registry.npmjs.org/is-function/-/is-function-1.0.2.tgz",
      "integrity": "sha512-lw7DUp0aWXYg+CBCN+JKkcE0Q2RayZnSvnZBlwgxHBQhqt5pZNVy4Ri7H9GmmXkdu7LUthszM+Tor1u/2iBcpQ==",
      "license": "MIT"
    },
    "node_modules/lie": {
      "version": "3.1.1",
      "resolved": "https://registry.npmjs.org/lie/-/lie-3.1.1.tgz",
      "integrity": "sha512-RiNhHysUjhrDQntfYSfY4MU24coXXdEOgw9WGcKHNeEwffDYbF//u87M1EWaMGzuFoSbqW0C9C6lEEhDOAswfw==",
      "license": "MIT",
      "dependencies": {
        "immediate": "~3.0.5"
      }
    },
    "node_modules/lit-html": {
      "version": "2.8.0",
      "resolved": "https://registry.npmjs.org/lit-html/-/lit-html-2.8.0.tgz",
      "integrity": "sha512-o9t+MQM3P4y7M7yNzqAyjp7z+mQGa4NS4CxiyLqFPyFWyc4O+nodLrkrxSaCTrla6M5YOLaT3RpbbqjszB5g3Q==",
      "license": "BSD-3-Clause",
      "dependencies": {
        "@types/trusted-types": "^2.0.2"
      }
    },
    "node_modules/localforage": {
      "version": "1.10.0",
      "resolved": "https://registry.npmjs.org/localforage/-/localforage-1.10.0.tgz",
      "integrity": "sha512-14/H1aX7hzBBmmh7sGPd+AOMkkIrHM3Z1PAyGgZigA1H1p5O5ANnMyWzvpAETtG68/dC4pC0ncy3+PPGzXZHPg==",
      "license": "Apache-2.0",
      "dependencies": {
        "lie": "3.1.1"
      }
    },
    "node_modules/m3u8-parser": {
      "version": "7.2.0",
      "resolved": "https://registry.npmjs.org/m3u8-parser/-/m3u8-parser-7.2.0.tgz",
      "integrity": "sha512-CRatFqpjVtMiMaKXxNvuI3I++vUumIXVVT/JpCpdU/FynV/ceVw1qpPyyBNindL+JlPMSesx+WX1QJaZEJSaMQ==",
      "license": "Apache-2.0",
      "dependencies": {
        "@babel/runtime": "^7.12.5",
        "@videojs/vhs-utils": "^4.1.1",
        "global": "^4.4.0"
      }
    },
    "node_modules/media-captions": {
      "version": "1.0.4",
      "resolved": "https://registry.npmjs.org/media-captions/-/media-captions-1.0.4.tgz",
      "integrity": "sha512-cyDNmuZvvO4H27rcBq2Eudxo9IZRDCOX/I7VEyqbxsEiD2Ei7UYUhG/Sc5fvMZjmathgz3fEK7iAKqvpY+Ux1w==",
      "license": "MIT",
      "engines": {
        "node": ">=16"
      }
    },
    "node_modules/media-chrome": {
      "version": "4.19.2",
      "resolved": "https://registry.npmjs.org/media-chrome/-/media-chrome-4.19.2.tgz",
      "integrity": "sha512-4ai1ITN8wBhwugQcRgqe3tN0z6OSKGOXqHLNrS04MgKFfsLqu6Dm8MPq02pI9Y9ZKoXtFjIl85jOryIW9es3BA==",
      "license": "MIT",
      "dependencies": {
        "ce-la-react": "^0.3.2"
      }
    },
    "node_modules/media-tracks": {
      "version": "0.3.5",
      "resolved": "https://registry.npmjs.org/media-tracks/-/media-tracks-0.3.5.tgz",
      "integrity": "sha512-l54rkKXlLBt3ob3zOLWHcnjvwUmX5bNEZ70igyapOZZC9imzqBmq1oz8p2roiV04KhjblFIi2hetLPF1oYVLRA==",
      "license": "MIT"
    },
    "node_modules/min-document": {
      "version": "2.19.2",
      "resolved": "https://registry.npmjs.org/min-document/-/min-document-2.19.2.tgz",
      "integrity": "sha512-8S5I8db/uZN8r9HSLFVWPdJCvYOejMcEC82VIzNUc6Zkklf/d1gg2psfE79/vyhWOj4+J8MtwmoOz3TmvaGu5A==",
      "license": "MIT",
      "dependencies": {
        "dom-walk": "^0.1.0"
      }
    },
    "node_modules/mpd-parser": {
      "version": "1.4.0",
      "resolved": "https://registry.npmjs.org/mpd-parser/-/mpd-parser-1.4.0.tgz",
      "integrity": "sha512-blbA7XpAaOdC/PR0Tu8GiUxlx6CpBuRowQPYV7lhi9Yr9G9+dkPXIUjqjzc/NCn/uZZPopluaJlIYntIEI/VLw==",
      "license": "Apache-2.0",
      "dependencies": {
        "@babel/runtime": "^7.12.5",
        "@videojs/vhs-utils": "^4.1.2",
        "@xmldom/xmldom": "^0.8.3",
        "global": "^4.4.0"
      },
      "bin": {
        "mpd-to-m3u8-json": "bin/parse.js"
      }
    },
    "node_modules/mux.js": {
      "version": "7.1.0",
      "resolved": "https://registry.npmjs.org/mux.js/-/mux.js-7.1.0.tgz",
      "integrity": "sha512-NTxawK/BBELJrYsZThEulyUMDVlLizKdxyAsMuzoCD1eFj97BVaA8D/CvKsKu6FOLYkFojN5CbM9h++ZTZtknA==",
      "license": "Apache-2.0",
      "dependencies": {
        "@babel/runtime": "^7.11.2",
        "global": "^4.4.0"
      },
      "bin": {
        "muxjs-transmux": "bin/transmux.js"
      },
      "engines": {
        "node": ">=8",
        "npm": ">=5"
      }
    },
    "node_modules/path-browserify": {
      "version": "1.0.1",
      "resolved": "https://registry.npmjs.org/path-browserify/-/path-browserify-1.0.1.tgz",
      "integrity": "sha512-b7uo2UCUOYZcnF/3ID0lulOJi/bafxa1xPe7ZPsammBSpjSWQkjNxlt635YGS2MiR9GjvuXCtz2emr3jbsz98g==",
      "license": "MIT"
    },
    "node_modules/pkcs7": {
      "version": "1.0.4",
      "resolved": "https://registry.npmjs.org/pkcs7/-/pkcs7-1.0.4.tgz",
      "integrity": "sha512-afRERtHn54AlwaF2/+LFszyAANTCggGilmcmILUzEjvs3XgFZT+xE6+QWQcAGmu4xajy+Xtj7acLOPdx5/eXWQ==",
      "license": "Apache-2.0",
      "dependencies": {
        "@babel/runtime": "^7.5.5"
      },
      "bin": {
        "pkcs7": "bin/cli.js"
      }
    },
    "node_modules/process": {
      "version": "0.11.10",
      "resolved": "https://registry.npmjs.org/process/-/process-0.11.10.tgz",
      "integrity": "sha512-cdGef/drWFoydD1JsMzuFf8100nZl+GT+yacc2bEced5f9Rjk4z+WtFUTBu9PhOi9j/jfmBPu0mMEY4wIdAF8A==",
      "license": "MIT",
      "engines": {
        "node": ">= 0.6.0"
      }
    },
    "node_modules/react": {
      "version": "19.3.0",
      "resolved": "https://registry.npmjs.org/react/-/react-19.3.0.tgz",
      "integrity": "sha512-E8LUcbtBWt20bbl2YoHfx4ZDBdxVTfOKtCZn9cDSJ4l6/nuoApcpIBcj47t2wZoVX8g2ZHuMHbiShgCR1T5Sog==",
      "license": "MIT",
      "peer": true,
      "engines": {
        "node": ">=0.10.0"
      }
    },
    "node_modules/sax": {
      "version": "1.2.1",
      "resolved": "https://registry.npmjs.org/sax/-/sax-1.2.1.tgz",
      "integrity": "sha512-8I2a3LovHTOpm7NV5yOyO8IHqgVsfK4+UuySrXU8YXkSRX7k6hCV9b3HrkKCr3nMpgj+0bmocaJJWpvp1oc7ZA==",
      "license": "ISC"
    },
    "node_modules/shaka-player": {
      "version": "5.2.10",
      "resolved": "https://registry.npmjs.org/shaka-player/-/shaka-player-5.2.10.tgz",
      "integrity": "sha512-X1yfQHbBtJyAYeGfu/2jtLcusmW9AFskXjQ6+11PuIBUh20O1I3Y/ERetQ7K6NDenUzo7nt0EgoMoBzVmlBTxg==",
      "license": "Apache-2.0",
      "engines": {
        "node": ">=18"
      }
    },
    "node_modules/signal-polyfill": {
      "version": "0.2.2",
      "resolved": "https://registry.npmjs.org/signal-polyfill/-/signal-polyfill-0.2.2.tgz",
      "integrity": "sha512-p63Y4Er5/eMQ9RHg0M0Y64NlsQKpiu6MDdhBXpyywRuWiPywhJTpKJ1iB5K2hJEbFZ0BnDS7ZkJ+0AfTuL37Rg==",
      "license": "Apache-2.0"
    },
    "node_modules/unplugin": {
      "version": "1.16.1",
      "resolved": "https://registry.npmjs.org/unplugin/-/unplugin-1.16.1.tgz",
      "integrity": "sha512-4/u/j4FrCKdi17jaxuJA0jClGxB1AvU2hw/IuayPc4ay1XGaJs/rbb4v5WKwAjNifjmXK9PIFyuPiaK8azyR9w==",
      "license": "MIT",
      "dependencies": {
        "acorn": "^8.14.0",
        "webpack-virtual-modules": "^0.6.2"
      },
      "engines": {
        "node": ">=14.0.0"
      }
    },
    "node_modules/video.js": {
      "version": "8.24.0",
      "resolved": "https://registry.npmjs.org/video.js/-/video.js-8.24.0.tgz",
      "integrity": "sha512-ZUuxTlDRkEWhpp2mvGCSFzI0Tc3zcC6IUZbIhBcZ3QW0Ms+IRp/tzYkhqexcMYwrcukRFiWWJmRANsLKvv8Vsg==",
      "license": "Apache-2.0",
      "dependencies": {
        "@babel/runtime": "^7.28.4",
        "@videojs/http-streaming": "^3.17.5",
        "@videojs/vhs-utils": "^4.1.2",
        "@videojs/xhr": "2.7.0",
        "aes-decrypter": "^4.0.2",
        "global": "4.4.0",
        "m3u8-parser": "^7.2.0",
        "mpd-parser": "^1.4.0",
        "mux.js": "^7.0.1",
        "videojs-contrib-quality-levels": "4.1.0",
        "videojs-font": "4.2.0",
        "videojs-vtt.js": "0.15.5"
      }
    },
    "node_modules/videojs-contrib-quality-levels": {
      "version": "4.1.0",
      "resolved": "https://registry.npmjs.org/videojs-contrib-quality-levels/-/videojs-contrib-quality-levels-4.1.0.tgz",
      "integrity": "sha512-TfrXJJg1Bv4t6TOCMEVMwF/CoS8iENYsWNKip8zfhB5kTcegiFYezEA0eHAJPU64ZC8NQbxQgOwAsYU8VXbOWA==",
      "license": "Apache-2.0",
      "dependencies": {
        "global": "^4.4.0"
      },
      "engines": {
        "node": ">=16",
        "npm": ">=8"
      },
      "peerDependencies": {
        "video.js": "^8"
      }
    },
    "node_modules/videojs-font": {
      "version": "4.2.0",
      "resolved": "https://registry.npmjs.org/videojs-font/-/videojs-font-4.2.0.tgz",
      "integrity": "sha512-YPq+wiKoGy2/M7ccjmlvwi58z2xsykkkfNMyIg4xb7EZQQNwB71hcSsB3o75CqQV7/y5lXkXhI/rsGAS7jfEmQ==",
      "license": "Apache-2.0"
    },
    "node_modules/videojs-vtt.js": {
      "version": "0.15.5",
      "resolved": "https://registry.npmjs.org/videojs-vtt.js/-/videojs-vtt.js-0.15.5.tgz",
      "integrity": "sha512-yZbBxvA7QMYn15Lr/ZfhhLPrNpI/RmCSCqgIff57GC2gIrV5YfyzLfLyZMj0NnZSAz8syB4N0nHXpZg9MyrMOQ==",
      "license": "Apache-2.0",
      "dependencies": {
        "global": "^4.3.1"
      }
    },
    "node_modules/vidstack": {
      "version": "1.15.6",
      "resolved": "https://registry.npmjs.org/vidstack/-/vidstack-1.15.6.tgz",
      "integrity": "sha512-bdPbguNooX7Og6xqhqlRoowciTL7DibntuUwFrW6Y7K2t1jcYX7yTd05k/hfEOJrTGaY2VpU5hLQpFJDNFzK4A==",
      "license": "MIT",
      "dependencies": {
        "@floating-ui/dom": "^1.6.10",
        "fscreen": "^1.2.0",
        "lit-html": "^2.8.0",
        "media-captions": "^1.0.4",
        "unplugin": "^1.12.0"
      },
      "engines": {
        "node": ">=18"
      }
    },
    "node_modules/webpack-virtual-modules": {
      "version": "0.6.2",
      "resolved": "https://registry.npmjs.org/webpack-virtual-modules/-/webpack-virtual-modules-0.6.2.tgz",
      "integrity": "sha512-66/V2i5hQanC51vBQKPH4aI8NMAcBW59FVBs+rC7eGHupMyfn34q7rZIE+ETlJ+XTevqfUhVVBgSUNSW2flEUQ==",
      "license": "MIT"
    }
  }
}
